
Microsoft Visual Studio Solution File, Format Version 12.00
# Visual Studio Version 16
VisualStudioVersion = 16.0.30804.86
MinimumVisualStudioVersion = 10.0.40219.1
Project("{FAE04EC0-301F-11D3-BF4B-00C04F79EFBC}") = "WebApplication21", "WebApplication21\WebApplication21.csproj", "{20A3184C-4D7E-4A7B-9900-A8A597DB8A9D}"
EndProject
Global
	GlobalSection(SolutionConfigurationPlatforms) = preSolution
		Debug|Any CPU = Debug|Any CPU
		Release|Any CPU = Release|Any CPU
	EndGlobalSection
	GlobalSection(ProjectConfigurationPlatforms) = postSolution
		{20A3184C-4D7E-4A7B-9900-A8A597DB8A9D}.Debug|Any CPU.ActiveCfg = Debug|Any CPU
		{20A3184C-4D7E-4A7B-9900-A8A597DB8A9D}.Debug|Any CPU.Build.0 = Debug|Any CPU
		{20A3184C-4D7E-4A7B-9900-A8A597DB8A9D}.Release|Any CPU.ActiveCfg = Release|Any CPU
		{20A3184C-4D7E-4A7B-9900-A8A597DB8A9D}.Release|Any CPU.Build.0 = Release|Any CPU
	EndGlobalSection
	GlobalSection(SolutionProperties) = preSolution
		HideSolutionNode = FALSE
	EndGlobalSection
	GlobalSection(ExtensibilityGlobals) = postSolution
		SolutionGuid = {8976E93E-191A-4A71-AB92-A28DD71C11E8}
	EndGlobalSection
EndGlobal
